
Microsoft Visual Studio Solution File, Format Version 12.00
# Visual Studio Version 17
VisualStudioVersion = 17.4.33213.308
MinimumVisualStudioVersion = 10.0.40219.1
Project("{9A19103F-16F7-4668-BE54-9A1E7A4F7556}") = "AM.UI.Console", "AM.UI.Console\AM.UI.Console.csproj", "{8AF21305-7F7A-450B-853C-5A918865C794}"
EndProject
Project("{9A19103F-16F7-4668-BE54-9A1E7A4F7556}") = "AM.Core.Domain", "AM.Core.Domain\AM.Core.Domain.csproj", "{04B5395E-718F-4AD7-9C28-D66429083968}"
EndProject
Project("{FAE04EC0-301F-11D3-BF4B-00C04F79EFBC}") = "AM.Core.Service", "AM.Core.Service\AM.Core.Service.csproj", "{3BB054F1-034E-47D2-AA1C-0381412B08A8}"
EndProject
Global
	GlobalSection(SolutionConfigurationPlatforms) = preSolution
		Debug|Any CPU = Debug|Any CPU
		Release|Any CPU = Release|Any CPU
	EndGlobalSection
	GlobalSection(ProjectConfigurationPlatforms) = postSolution
		{8AF21305-7F7A-450B-853C-5A918865C794}.Debug|Any CPU.ActiveCfg = Debug|Any CPU
		{8AF21305-7F7A-450B-853C-5A918865C794}.Debug|Any CPU.Build.0 = Debug|Any CPU
		{8AF21305-7F7A-450B-853C-5A918865C794}.Release|Any CPU.ActiveCfg = Release|Any CPU
		{8AF21305-7F7A-450B-853C-5A918865C794}.Release|Any CPU.Build.0 = Release|Any CPU
		{04B5395E-718F-4AD7-9C28-D66429083968}.Debug|Any CPU.ActiveCfg = Debug|Any CPU
		{04B5395E-718F-4AD7-9C28-D66429083968}.Debug|Any CPU.Build.0 = Debug|Any CPU
		{04B5395E-718F-4AD7-9C28-D66429083968}.Release|Any CPU.ActiveCfg = Release|Any CPU
		{04B5395E-718F-4AD7-9C28-D66429083968}.Release|Any CPU.Build.0 = Release|Any CPU
		{3BB054F1-034E-47D2-AA1C-0381412B08A8}.Debug|Any CPU.ActiveCfg = Debug|Any CPU
		{3BB054F1-034E-47D2-AA1C-0381412B08A8}.Debug|Any CPU.Build.0 = Debug|Any CPU
		{3BB054F1-034E-47D2-AA1C-0381412B08A8}.Release|Any CPU.ActiveCfg = Release|Any CPU
		{3BB054F1-034E-47D2-AA1C-0381412B08A8}.Release|Any CPU.Build.0 = Release|Any CPU
	EndGlobalSection
	GlobalSection(SolutionProperties) = preSolution
		HideSolutionNode = FALSE
	EndGlobalSection
	GlobalSection(ExtensibilityGlobals) = postSolution
		SolutionGuid = {81775294-9ACE-4A02-9AE0-FA45C44E7973}
	EndGlobalSection
EndGlobal
